{
    "name": "@mountainpass/hooked",
    "version": "1.0.0",
    "lockfileVersion": 2,
    "requires": true,
    "packages": {
        "": {
            "name": "@mountainpass/hooked",
            "version": "1.0.0",
            "hasInstallScript": true,
            "license": "ISC",
            "bin": {
                "j": "cli/dist/index.js"
            }
        },
        "../../.nvm/versions/node/v18.3.0/lib/node_modules/hooked": {
            "version": "0.1.3",
            "extraneous": true,
            "license": "MIT",
            "dependencies": {
                "node-oops": "0.1.x"
            },
            "devDependencies": {
                "should": "1.2.x",
                "vows": "0.7.x"
            }
        },
        "../../.nvm/versions/node/v18.3.0/lib/node_modules/j": {
            "version": "1.0.0",
            "extraneous": true,
            "license": "Apache-2.0",
            "dependencies": {
                "commander": "",
                "concat-stream": "",
                "exit-on-epipe": "",
                "xlsx": ""
            },
            "bin": {
                "j": "bin/j.njs"
            },
            "devDependencies": {
                "mocha": ""
            },
            "engines": {
                "node": ">=0.8"
            }
        }
    }
}
